
Microsoft Visual Studio Solution File, Format Version 12.00
# Visual Studio Version 17
VisualStudioVersion = 17.0.32014.148
MinimumVisualStudioVersion = 10.0.40219.1
Project("{FAE04EC0-301F-11D3-BF4B-00C04F79EFBC}") = "MiAplicacionMVC", "MiAplicacionMVC\MiAplicacionMVC.csproj", "{D89C7939-3E86-4422-A222-E00EBAE58F74}"
EndProject
Global
	GlobalSection(SolutionConfigurationPlatforms) = preSolution
		Debug|Any CPU = Debug|Any CPU
		Release|Any CPU = Release|Any CPU
	EndGlobalSection
	GlobalSection(ProjectConfigurationPlatforms) = postSolution
		{D89C7939-3E86-4422-A222-E00EBAE58F74}.Debug|Any CPU.ActiveCfg = Debug|Any CPU
		{D89C7939-3E86-4422-A222-E00EBAE58F74}.Debug|Any CPU.Build.0 = Debug|Any CPU
		{D89C7939-3E86-4422-A222-E00EBAE58F74}.Release|Any CPU.ActiveCfg = Release|Any CPU
		{D89C7939-3E86-4422-A222-E00EBAE58F74}.Release|Any CPU.Build.0 = Release|Any CPU
	EndGlobalSection
	GlobalSection(SolutionProperties) = preSolution
		HideSolutionNode = FALSE
	EndGlobalSection
	GlobalSection(ExtensibilityGlobals) = postSolution
		SolutionGuid = {C277458F-5DE8-4304-AEB4-968C9AD4252A}
	EndGlobalSection
EndGlobal
